<?xml version="1.0" encoding="utf-8"?>
<Project ToolsVersion="4.0" xmlns="http://schemas.microsoft.com/developer/msbuild/2003">
  <ItemGroup>
    <Filter Include="헤더 파일">
      <UniqueIdentifier>{93995380-89BD-4b04-88EB-625FBE52EBFB}</UniqueIdentifier>
      <Extensions>h;hh;hpp;hxx;h++;hm;inl;inc;ipp;xsd</Extensions>
    </Filter>
    <Filter Include="리소스 파일">
      <UniqueIdentifier>{67DA6AB6-F800-4c08-8B7A-83BB121AAD01}</UniqueIdentifier>
      <Extensions>rc;ico;cur;bmp;dlg;rc2;rct;bin;rgs;gif;jpg;jpeg;jpe;resx;tiff;tif;png;wav;mfcribbon-ms</Extensions>
    </Filter>
    <Filter Include="00_MainGame">
      <UniqueIdentifier>{9f9b1569-b416-4996-ab15-e29c6e57fea6}</UniqueIdentifier>
    </Filter>
    <Filter Include="01_Scenes">
      <UniqueIdentifier>{d3b83315-b4bd-4200-b13f-b231e0062f08}</UniqueIdentifier>
    </Filter>
    <Filter Include="01_Scenes\00_Menu">
      <UniqueIdentifier>{3cfe7aee-d12d-4b91-b5c3-0a4e77ea8c73}</UniqueIdentifier>
    </Filter>
    <Filter Include="소스 파일">
      <UniqueIdentifier>{4FC737F1-C7A5-4376-A066-2A32D752A2FF}</UniqueIdentifier>
      <Extensions>cpp;c;cc;cxx;c++;cppm;ixx;def;odl;idl;hpj;bat;asm;asmx</Extensions>
    </Filter>
    <Filter Include="99_Managers">
      <UniqueIdentifier>{13aaad2f-65e9-4642-9da3-f664f0d23740}</UniqueIdentifier>
    </Filter>
    <Filter Include="99_Managers\SceneManager">
      <UniqueIdentifier>{518b4f3f-4927-4bb1-b8e2-d6b5cd8667fc}</UniqueIdentifier>
    </Filter>
    <Filter Include="99_Managers\BitManager">
      <UniqueIdentifier>{3be85566-612f-4b30-93a2-ee615bdf5edb}</UniqueIdentifier>
    </Filter>
    <Filter Include="99_Managers\BitManager\Bmp">
      <UniqueIdentifier>{5357c609-c55c-4c95-bdc4-9c5e15ccab6b}</UniqueIdentifier>
    </Filter>
    <Filter Include="99_Managers\KeyManager">
      <UniqueIdentifier>{391192d5-4ead-456d-b19d-46e2705b4470}</UniqueIdentifier>
    </Filter>
    <Filter Include="02_Object">
      <UniqueIdentifier>{8d2acc47-fea3-40c0-9e05-cb36344c001c}</UniqueIdentifier>
    </Filter>
    <Filter Include="99_Managers\AbstractFactory">
      <UniqueIdentifier>{eb3a70aa-1273-4bd7-a267-437b8d28e9d1}</UniqueIdentifier>
    </Filter>
    <Filter Include="99_Managers\ObjectManager">
      <UniqueIdentifier>{d65dcf1c-eae1-4c34-842c-fe038a6a9464}</UniqueIdentifier>
    </Filter>
    <Filter Include="99_Managers\ScrollManager">
      <UniqueIdentifier>{02188db8-7d13-4944-a6c6-3e5f8e350de3}</UniqueIdentifier>
    </Filter>
    <Filter Include="02_Object\01.Player">
      <UniqueIdentifier>{1e8ebda4-da77-42cd-bf79-b11655ece936}</UniqueIdentifier>
    </Filter>
    <Filter Include="02_Object\99.MapObj">
      <UniqueIdentifier>{3084e889-b79c-4747-a69f-fefc9ae1c94f}</UniqueIdentifier>
    </Filter>
    <Filter Include="99_Managers\CollisionManager">
      <UniqueIdentifier>{908a1b5e-3d9f-4584-950f-2c3fe242b7a6}</UniqueIdentifier>
    </Filter>
    <Filter Include="02_Object\98.Portal">
      <UniqueIdentifier>{3659e383-a4df-45d9-bbec-8bf4c634e2b5}</UniqueIdentifier>
    </Filter>
    <Filter Include="02_Object\99.MapObj\CollisionBox">
      <UniqueIdentifier>{c972b447-475d-4631-a147-31f13326e6af}</UniqueIdentifier>
    </Filter>
    <Filter Include="02_Object\99.MapObj\Tutorial">
      <UniqueIdentifier>{29d3c85b-6930-4c95-afec-7cb2b4c36bac}</UniqueIdentifier>
    </Filter>
    <Filter Include="02_Object\99.MapObj\Village">
      <UniqueIdentifier>{be0f4c50-ff69-4305-9999-ea667ea03418}</UniqueIdentifier>
    </Filter>
    <Filter Include="01_Scenes\09_DungeonEdit">
      <UniqueIdentifier>{8bc94942-8f51-4090-b5e6-dc2dd8f96574}</UniqueIdentifier>
    </Filter>
    <Filter Include="02_Object\99.MapObj\Dungeon1">
      <UniqueIdentifier>{fdb6f8fc-758d-4d68-b0f9-cc19229e597d}</UniqueIdentifier>
    </Filter>
    <Filter Include="02_Object\02.Monster">
      <UniqueIdentifier>{ad32bc67-d7c1-4982-b849-7bafbded0b1c}</UniqueIdentifier>
    </Filter>
    <Filter Include="02_Object\02.Monster\Golem">
      <UniqueIdentifier>{19cee938-fc5a-49b9-abad-7a69c5b3e15b}</UniqueIdentifier>
    </Filter>
    <Filter Include="02_Object\02.Monster\Golem\TurretDown">
      <UniqueIdentifier>{6b1349d3-9e89-45ed-bb36-caac5b67f753}</UniqueIdentifier>
    </Filter>
    <Filter Include="02_Object\03_Bullet">
      <UniqueIdentifier>{afef7131-304b-43e1-b9df-6dc034a3bd6c}</UniqueIdentifier>
    </Filter>
    <Filter Include="99_Managers\FileManager">
      <UniqueIdentifier>{f5486365-06af-4cfe-ba50-594b31a4e036}</UniqueIdentifier>
    </Filter>
    <Filter Include="02_Object\02.Monster\Golem\GolemSoldier">
      <UniqueIdentifier>{0e7e5df5-193d-48c1-9f84-2a604dd88ab3}</UniqueIdentifier>
    </Filter>
    <Filter Include="99_Managers\UiManager">
      <UniqueIdentifier>{51586c86-4e28-472d-9753-bcb82d215f08}</UniqueIdentifier>
    </Filter>
    <Filter Include="99_Managers\CSoundManager">
      <UniqueIdentifier>{3815e9ab-98c2-449d-8128-cd4869275c65}</UniqueIdentifier>
    </Filter>
    <Filter Include="02_Object\02.Monster\Golem\BabySlime">
      <UniqueIdentifier>{e171535a-ec0f-4641-9a83-e1e2b3ce028a}</UniqueIdentifier>
    </Filter>
    <Filter Include="01_Scenes\01_Tutorial">
      <UniqueIdentifier>{d526c212-7185-41fa-a6a9-e2df9e07c150}</UniqueIdentifier>
    </Filter>
    <Filter Include="01_Scenes\02_Village">
      <UniqueIdentifier>{992b423e-e629-4d9f-912e-0b6d1de26ae2}</UniqueIdentifier>
    </Filter>
    <Filter Include="01_Scenes\03_Field">
      <UniqueIdentifier>{2bf1846f-8560-48da-8185-69022ff5f8f6}</UniqueIdentifier>
    </Filter>
    <Filter Include="01_Scenes\05_GolemBoss">
      <UniqueIdentifier>{955d38dd-1c1c-4cf4-b440-7562389afc65}</UniqueIdentifier>
    </Filter>
    <Filter Include="02_Object\02.Monster\Golem\GolemBoss">
      <UniqueIdentifier>{b97f435a-9a37-40f0-9e8f-40c460f7347e}</UniqueIdentifier>
    </Filter>
    <Filter Include="02_Object\02.Monster\Golem\GolemBossPunch">
      <UniqueIdentifier>{9ba3cf10-32d0-47d4-a073-96392550ebc5}</UniqueIdentifier>
    </Filter>
    <Filter Include="02_Object\02.Monster\Golem\SlimeHermit">
      <UniqueIdentifier>{5847d790-1e83-4290-9fbe-9737bf6c0cd4}</UniqueIdentifier>
    </Filter>
    <Filter Include="02_Object\02.Monster\Golem\GolemHead">
      <UniqueIdentifier>{69823d50-49c4-49cc-b5e5-c2b3b2a89c15}</UniqueIdentifier>
    </Filter>
    <Filter Include="02_Object\02.Monster\Golem\GolemMiniBoss">
      <UniqueIdentifier>{4f858944-02a6-4d36-897d-f4bff6686a8d}</UniqueIdentifier>
    </Filter>
    <Filter Include="01_Scenes\04_GolemDungeon">
      <UniqueIdentifier>{847aa71a-b332-4ea8-a8a0-735fb5a4ce98}</UniqueIdentifier>
    </Filter>
    <Filter Include="01_Scenes\09_Dungeon">
      <UniqueIdentifier>{1a5f327a-73fe-4384-95d2-785d45d0c30b}</UniqueIdentifier>
    </Filter>
    <Filter Include="01_Scenes\06_AnimationScene">
      <UniqueIdentifier>{3e9aa369-0d48-4c25-a84b-c8e243bbea11}</UniqueIdentifier>
    </Filter>
    <Filter Include="02_Object\04_Visitor">
      <UniqueIdentifier>{d0e44318-11cd-44fc-96e5-497411929b67}</UniqueIdentifier>
    </Filter>
    <Filter Include="02_Object\05_Inventory">
      <UniqueIdentifier>{2e85cbd0-85ac-4089-a270-71f4c1bc7e30}</UniqueIdentifier>
    </Filter>
    <Filter Include="02_Object\06.Item">
      <UniqueIdentifier>{8669a6d4-4e96-47e1-868a-825dead34ad6}</UniqueIdentifier>
    </Filter>
    <Filter Include="01_Scenes\07_Shop">
      <UniqueIdentifier>{77cd86c5-93fa-44bc-8ef3-aa9b84f2ca56}</UniqueIdentifier>
    </Filter>
    <Filter Include="02_Object\07_Shop">
      <UniqueIdentifier>{61a5a2fc-4eab-47c7-ac2c-5332a9182252}</UniqueIdentifier>
    </Filter>
    <Filter Include="02_Object\05_Inventory\Slot">
      <UniqueIdentifier>{c8cc07c6-efac-4843-bd0b-19a77b9629f0}</UniqueIdentifier>
    </Filter>
    <Filter Include="02_Object\04_Visitor\visitors">
      <UniqueIdentifier>{c312a7a3-1f47-4419-8de6-5454c0c5166d}</UniqueIdentifier>
    </Filter>
    <Filter Include="02_Object\08_DeadObj">
      <UniqueIdentifier>{c74956ae-cc90-4c82-80a7-918f64f49ae5}</UniqueIdentifier>
    </Filter>
    <Filter Include="02_Object\09_Npc">
      <UniqueIdentifier>{deffa685-2830-4162-85cf-dbe3a95ec595}</UniqueIdentifier>
    </Filter>
    <Filter Include="02_Object\10_Gameble">
      <UniqueIdentifier>{315b90e7-7340-477b-ad31-6c50e66a6654}</UniqueIdentifier>
    </Filter>
    <Filter Include="01_Scenes\StartAimationScene">
      <UniqueIdentifier>{d35db8ef-3ded-4db7-9670-93b6f3c88815}</UniqueIdentifier>
    </Filter>
  </ItemGroup>
  <ItemGroup>
    <ClInclude Include="framework.h">
      <Filter>헤더 파일</Filter>
    </ClInclude>
    <ClInclude Include="targetver.h">
      <Filter>헤더 파일</Filter>
    </ClInclude>
    <ClInclude Include="Resource.h">
      <Filter>헤더 파일</Filter>
    </ClInclude>
    <ClInclude Include="StudyMoonlighter.h">
      <Filter>헤더 파일</Filter>
    </ClInclude>
    <ClInclude Include="pch.h">
      <Filter>헤더 파일</Filter>
    </ClInclude>
    <ClInclude Include="CMainGame.h">
      <Filter>00_MainGame</Filter>
    </ClInclude>
    <ClInclude Include="CSceneManager.h">
      <Filter>99_Managers\SceneManager</Filter>
    </ClInclude>
    <ClInclude Include="CScene.h">
      <Filter>01_Scenes</Filter>
    </ClInclude>
    <ClInclude Include="CMenuScene.h">
      <Filter>01_Scenes\00_Menu</Filter>
    </ClInclude>
    <ClInclude Include="CBitManager.h">
      <Filter>99_Managers\BitManager</Filter>
    </ClInclude>
    <ClInclude Include="CMyBmp.h">
      <Filter>99_Managers\BitManager\Bmp</Filter>
    </ClInclude>
    <ClInclude Include="CKeyManager.h">
      <Filter>99_Managers\KeyManager</Filter>
    </ClInclude>
    <ClInclude Include="CVillageScene.h">
      <Filter>01_Scenes\02_Village</Filter>
    </ClInclude>
    <ClInclude Include="CObject.h">
      <Filter>02_Object</Filter>
    </ClInclude>
    <ClInclude Include="CPlayer.h">
      <Filter>02_Object\01.Player</Filter>
    </ClInclude>
    <ClInclude Include="CAbstractFactory.h">
      <Filter>99_Managers\AbstractFactory</Filter>
    </ClInclude>
    <ClInclude Include="CObjectManager.h">
      <Filter>99_Managers\ObjectManager</Filter>
    </ClInclude>
    <ClInclude Include="CScrollManager.h">
      <Filter>99_Managers\ScrollManager</Filter>
    </ClInclude>
    <ClInclude Include="CCollisionManager.h">
      <Filter>99_Managers\CollisionManager</Filter>
    </ClInclude>
    <ClInclude Include="CPortal.h">
      <Filter>02_Object\98.Portal</Filter>
    </ClInclude>
    <ClInclude Include="CFieldScene.h">
      <Filter>01_Scenes\03_Field</Filter>
    </ClInclude>
    <ClInclude Include="CDungeonScene.h">
      <Filter>01_Scenes\09_Dungeon</Filter>
    </ClInclude>
    <ClInclude Include="CTutorialScene.h">
      <Filter>01_Scenes\01_Tutorial</Filter>
    </ClInclude>
    <ClInclude Include="CCollisionBox.h">
      <Filter>02_Object\99.MapObj\CollisionBox</Filter>
    </ClInclude>
    <ClInclude Include="CDungeonEditScene.h">
      <Filter>01_Scenes\09_DungeonEdit</Filter>
    </ClInclude>
    <ClInclude Include="CMapObj.h">
      <Filter>02_Object\99.MapObj</Filter>
    </ClInclude>
    <ClInclude Include="CTree1.h">
      <Filter>02_Object\99.MapObj\Village</Filter>
    </ClInclude>
    <ClInclude Include="CScrollWasd.h">
      <Filter>02_Object\99.MapObj\Tutorial</Filter>
    </ClInclude>
    <ClInclude Include="CGolemDoor.h">
      <Filter>02_Object\99.MapObj\Dungeon1</Filter>
    </ClInclude>
    <ClInclude Include="CScrollRoll.h">
      <Filter>02_Object\99.MapObj\Tutorial</Filter>
    </ClInclude>
    <ClInclude Include="CGolemHole.h">
      <Filter>02_Object\99.MapObj\Dungeon1</Filter>
    </ClInclude>
    <ClInclude Include="CTurretBroken.h">
      <Filter>02_Object\02.Monster\Golem\TurretDown</Filter>
    </ClInclude>
    <ClInclude Include="CBullet.h">
      <Filter>02_Object\03_Bullet</Filter>
    </ClInclude>
    <ClInclude Include="CTurretDownBullet.h">
      <Filter>02_Object\02.Monster\Golem\TurretDown</Filter>
    </ClInclude>
    <ClInclude Include="CFileManager.h">
      <Filter>99_Managers\FileManager</Filter>
    </ClInclude>
    <ClInclude Include="CMonster.h">
      <Filter>02_Object\02.Monster</Filter>
    </ClInclude>
    <ClInclude Include="CGolemSoldier.h">
      <Filter>02_Object\02.Monster\Golem\GolemSoldier</Filter>
    </ClInclude>
    <ClInclude Include="CUiManager.h">
      <Filter>99_Managers\UiManager</Filter>
    </ClInclude>
    <ClInclude Include="CSoundManager.h">
      <Filter>99_Managers\CSoundManager</Filter>
    </ClInclude>
    <ClInclude Include="CGolemBreakable.h">
      <Filter>02_Object\99.MapObj\Dungeon1</Filter>
    </ClInclude>
    <ClInclude Include="CBabySlime.h">
      <Filter>02_Object\02.Monster\Golem\BabySlime</Filter>
    </ClInclude>
    <ClInclude Include="CGolemBossScene.h">
      <Filter>01_Scenes\05_GolemBoss</Filter>
    </ClInclude>
    <ClInclude Include="CGolemScroll.h">
      <Filter>02_Object\99.MapObj\Dungeon1</Filter>
    </ClInclude>
    <ClInclude Include="CGolemBoss.h">
      <Filter>02_Object\02.Monster\Golem\GolemBoss</Filter>
    </ClInclude>
    <ClInclude Include="CGolemBossRock.h">
      <Filter>02_Object\99.MapObj\Dungeon1</Filter>
    </ClInclude>
    <ClInclude Include="CGolemPunch.h">
      <Filter>02_Object\02.Monster\Golem\GolemBossPunch</Filter>
    </ClInclude>
    <ClInclude Include="CGolemSlimePuddle.h">
      <Filter>02_Object\99.MapObj\Dungeon1</Filter>
    </ClInclude>
    <ClInclude Include="CSlimeHermit.h">
      <Filter>02_Object\02.Monster\Golem\SlimeHermit</Filter>
    </ClInclude>
    <ClInclude Include="CGolemHead.h">
      <Filter>02_Object\02.Monster\Golem\GolemHead</Filter>
    </ClInclude>
    <ClInclude Include="CGolemMiniboss.h">
      <Filter>02_Object\02.Monster\Golem\GolemMiniBoss</Filter>
    </ClInclude>
    <ClInclude Include="CGolemDungeon.h">
      <Filter>01_Scenes\04_GolemDungeon</Filter>
    </ClInclude>
    <ClInclude Include="CAnimationScene.h">
      <Filter>01_Scenes\06_AnimationScene</Filter>
    </ClInclude>
    <ClInclude Include="CVisitor.h">
      <Filter>02_Object\04_Visitor</Filter>
    </ClInclude>
    <ClInclude Include="CItem.h">
      <Filter>02_Object\06.Item</Filter>
    </ClInclude>
    <ClInclude Include="CInventory.h">
      <Filter>02_Object\05_Inventory</Filter>
    </ClInclude>
    <ClInclude Include="CShopScene.h">
      <Filter>01_Scenes\07_Shop</Filter>
    </ClInclude>
    <ClInclude Include="CShopPlayer.h">
      <Filter>02_Object\01.Player</Filter>
    </ClInclude>
    <ClInclude Include="CShowCase.h">
      <Filter>02_Object\07_Shop</Filter>
    </ClInclude>
    <ClInclude Include="CInventoryShop.h">
      <Filter>02_Object\05_Inventory</Filter>
    </ClInclude>
    <ClInclude Include="CInvenSlot.h">
      <Filter>02_Object\05_Inventory\Slot</Filter>
    </ClInclude>
    <ClInclude Include="CPriceSlot.h">
      <Filter>02_Object\05_Inventory\Slot</Filter>
    </ClInclude>
    <ClInclude Include="CSellSlot.h">
      <Filter>02_Object\05_Inventory\Slot</Filter>
    </ClInclude>
    <ClInclude Include="CSpecialSlot.h">
      <Filter>02_Object\05_Inventory\Slot</Filter>
    </ClInclude>
    <ClInclude Include="CShopTable.h">
      <Filter>02_Object\07_Shop</Filter>
    </ClInclude>
    <ClInclude Include="CShopSign.h">
      <Filter>02_Object\07_Shop</Filter>
    </ClInclude>
    <ClInclude Include="CVisitorIrish.h">
      <Filter>02_Object\04_Visitor\visitors</Filter>
    </ClInclude>
    <ClInclude Include="CVisitorOldfemale.h">
      <Filter>02_Object\04_Visitor\visitors</Filter>
    </ClInclude>
    <ClInclude Include="CVisitorMerchantfemale.h">
      <Filter>02_Object\04_Visitor\visitors</Filter>
    </ClInclude>
    <ClInclude Include="CVisitorMerchantmale.h">
      <Filter>02_Object\04_Visitor\visitors</Filter>
    </ClInclude>
    <ClInclude Include="CPlayerArrow.h">
      <Filter>02_Object\01.Player</Filter>
    </ClInclude>
    <ClInclude Include="CGolemBossRockDead.h">
      <Filter>02_Object\08_DeadObj</Filter>
    </ClInclude>
    <ClInclude Include="Define.h">
      <Filter>헤더 파일</Filter>
    </ClInclude>
    <ClInclude Include="CCashRegister.h">
      <Filter>02_Object\07_Shop</Filter>
    </ClInclude>
    <ClInclude Include="CGolemDeadObj.h">
      <Filter>02_Object\08_DeadObj</Filter>
    </ClInclude>
    <ClInclude Include="CGolemBreakable2.h">
      <Filter>02_Object\99.MapObj\Dungeon1</Filter>
    </ClInclude>
    <ClInclude Include="CMonsterDead.h">
      <Filter>02_Object\08_DeadObj</Filter>
    </ClInclude>
    <ClInclude Include="CVisitorMale.h">
      <Filter>02_Object\09_Npc</Filter>
    </ClInclude>
    <ClInclude Include="CPotionNpc.h">
      <Filter>02_Object\09_Npc</Filter>
    </ClInclude>
    <ClInclude Include="CPotionShop.h">
      <Filter>02_Object\05_Inventory</Filter>
    </ClInclude>
    <ClInclude Include="CShopSellAll.h">
      <Filter>02_Object\07_Shop</Filter>
    </ClInclude>
    <ClInclude Include="CGamble.h">
      <Filter>02_Object\10_Gameble</Filter>
    </ClInclude>
    <ClInclude Include="CGambleKey.h">
      <Filter>02_Object\10_Gameble</Filter>
    </ClInclude>
    <ClInclude Include="CStartAniScene.h">
      <Filter>01_Scenes\StartAimationScene</Filter>
    </ClInclude>
  </ItemGroup>
  <ItemGroup>
    <ClCompile Include="StudyMoonlighter.cpp">
      <Filter>소스 파일</Filter>
    </ClCompile>
    <ClCompile Include="pch.cpp">
      <Filter>소스 파일</Filter>
    </ClCompile>
    <ClCompile Include="CMainGame.cpp">
      <Filter>00_MainGame</Filter>
    </ClCompile>
    <ClCompile Include="CSceneManager.cpp">
      <Filter>99_Managers\SceneManager</Filter>
    </ClCompile>
    <ClCompile Include="CScene.cpp">
      <Filter>01_Scenes</Filter>
    </ClCompile>
    <ClCompile Include="CMenuScene.cpp">
      <Filter>01_Scenes\00_Menu</Filter>
    </ClCompile>
    <ClCompile Include="CBitManager.cpp">
      <Filter>99_Managers\BitManager</Filter>
    </ClCompile>
    <ClCompile Include="CMyBmp.cpp">
      <Filter>99_Managers\BitManager\Bmp</Filter>
    </ClCompile>
    <ClCompile Include="CKeyManager.cpp">
      <Filter>99_Managers\KeyManager</Filter>
    </ClCompile>
    <ClCompile Include="CVillageScene.cpp">
      <Filter>01_Scenes\02_Village</Filter>
    </ClCompile>
    <ClCompile Include="CObject.cpp">
      <Filter>02_Object</Filter>
    </ClCompile>
    <ClCompile Include="CPlayer.cpp">
      <Filter>02_Object\01.Player</Filter>
    </ClCompile>
    <ClCompile Include="CObjectManager.cpp">
      <Filter>99_Managers\ObjectManager</Filter>
    </ClCompile>
    <ClCompile Include="CScrollManager.cpp">
      <Filter>99_Managers\ScrollManager</Filter>
    </ClCompile>
    <ClCompile Include="CCollisionManager.cpp">
      <Filter>99_Managers\CollisionManager</Filter>
    </ClCompile>
    <ClCompile Include="CPortal.cpp">
      <Filter>02_Object\98.Portal</Filter>
    </ClCompile>
    <ClCompile Include="CFieldScene.cpp">
      <Filter>01_Scenes\03_Field</Filter>
    </ClCompile>
    <ClCompile Include="CDungeonScene.cpp">
      <Filter>01_Scenes\09_Dungeon</Filter>
    </ClCompile>
    <ClCompile Include="CTutorialScene.cpp">
      <Filter>01_Scenes\01_Tutorial</Filter>
    </ClCompile>
    <ClCompile Include="CCollisionBox.cpp">
      <Filter>02_Object\99.MapObj\CollisionBox</Filter>
    </ClCompile>
    <ClCompile Include="CDungeonEditScene.cpp">
      <Filter>01_Scenes\09_DungeonEdit</Filter>
    </ClCompile>
    <ClCompile Include="CMapObj.cpp">
      <Filter>02_Object\99.MapObj</Filter>
    </ClCompile>
    <ClCompile Include="CTree1.cpp">
      <Filter>02_Object\99.MapObj\Village</Filter>
    </ClCompile>
    <ClCompile Include="CScrollWasd.cpp">
      <Filter>02_Object\99.MapObj\Tutorial</Filter>
    </ClCompile>
    <ClCompile Include="CGolemDoor.cpp">
      <Filter>02_Object\99.MapObj\Dungeon1</Filter>
    </ClCompile>
    <ClCompile Include="CScrollRoll.cpp">
      <Filter>02_Object\99.MapObj\Tutorial</Filter>
    </ClCompile>
    <ClCompile Include="CGolemHole.cpp">
      <Filter>02_Object\99.MapObj\Dungeon1</Filter>
    </ClCompile>
    <ClCompile Include="CTurretBroken.cpp">
      <Filter>02_Object\02.Monster\Golem\TurretDown</Filter>
    </ClCompile>
    <ClCompile Include="CBullet.cpp">
      <Filter>02_Object\03_Bullet</Filter>
    </ClCompile>
    <ClCompile Include="CTurretDownBullet.cpp">
      <Filter>02_Object\02.Monster\Golem\TurretDown</Filter>
    </ClCompile>
    <ClCompile Include="CFileManager.cpp">
      <Filter>99_Managers\FileManager</Filter>
    </ClCompile>
    <ClCompile Include="CMonster.cpp">
      <Filter>02_Object\02.Monster</Filter>
    </ClCompile>
    <ClCompile Include="CGolemSoldier.cpp">
      <Filter>02_Object\02.Monster\Golem\GolemSoldier</Filter>
    </ClCompile>
    <ClCompile Include="CUiManager.cpp">
      <Filter>99_Managers\UiManager</Filter>
    </ClCompile>
    <ClCompile Include="CSoundManager.cpp">
      <Filter>99_Managers\CSoundManager</Filter>
    </ClCompile>
    <ClCompile Include="CGolemBreakable.cpp">
      <Filter>02_Object\99.MapObj\Dungeon1</Filter>
    </ClCompile>
    <ClCompile Include="CBabySlime.cpp">
      <Filter>02_Object\02.Monster\Golem\BabySlime</Filter>
    </ClCompile>
    <ClCompile Include="CGolemBossScene.cpp">
      <Filter>01_Scenes\05_GolemBoss</Filter>
    </ClCompile>
    <ClCompile Include="CGolemScroll.cpp">
      <Filter>02_Object\99.MapObj\Dungeon1</Filter>
    </ClCompile>
    <ClCompile Include="CGolemBoss.cpp">
      <Filter>02_Object\02.Monster\Golem\GolemBoss</Filter>
    </ClCompile>
    <ClCompile Include="CGolemBossRock.cpp">
      <Filter>02_Object\99.MapObj\Dungeon1</Filter>
    </ClCompile>
    <ClCompile Include="CGolemPunch.cpp">
      <Filter>02_Object\02.Monster\Golem\GolemBossPunch</Filter>
    </ClCompile>
    <ClCompile Include="CGolemSlimePuddle.cpp">
      <Filter>02_Object\99.MapObj\Dungeon1</Filter>
    </ClCompile>
    <ClCompile Include="CSlimeHermit.cpp">
      <Filter>02_Object\02.Monster\Golem\SlimeHermit</Filter>
    </ClCompile>
    <ClCompile Include="CGolemHead.cpp">
      <Filter>02_Object\02.Monster\Golem\GolemHead</Filter>
    </ClCompile>
    <ClCompile Include="CGolemMiniboss.cpp">
      <Filter>02_Object\02.Monster\Golem\GolemMiniBoss</Filter>
    </ClCompile>
    <ClCompile Include="CGolemDungeon.cpp">
      <Filter>01_Scenes\04_GolemDungeon</Filter>
    </ClCompile>
    <ClCompile Include="CAnimationScene.cpp">
      <Filter>01_Scenes\06_AnimationScene</Filter>
    </ClCompile>
    <ClCompile Include="CVisitor.cpp">
      <Filter>02_Object\04_Visitor</Filter>
    </ClCompile>
    <ClCompile Include="CItem.cpp">
      <Filter>02_Object\06.Item</Filter>
    </ClCompile>
    <ClCompile Include="CInventory.cpp">
      <Filter>02_Object\05_Inventory</Filter>
    </ClCompile>
    <ClCompile Include="CShopScene.cpp">
      <Filter>01_Scenes\07_Shop</Filter>
    </ClCompile>
    <ClCompile Include="CShopPlayer.cpp">
      <Filter>02_Object\01.Player</Filter>
    </ClCompile>
    <ClCompile Include="CShowCase.cpp">
      <Filter>02_Object\07_Shop</Filter>
    </ClCompile>
    <ClCompile Include="CInventoryShop.cpp">
      <Filter>02_Object\05_Inventory</Filter>
    </ClCompile>
    <ClCompile Include="CInvenSlot.cpp">
      <Filter>02_Object\05_Inventory\Slot</Filter>
    </ClCompile>
    <ClCompile Include="CPriceSlot.cpp">
      <Filter>02_Object\05_Inventory\Slot</Filter>
    </ClCompile>
    <ClCompile Include="CSellSlot.cpp">
      <Filter>02_Object\05_Inventory\Slot</Filter>
    </ClCompile>
    <ClCompile Include="CSpecialSlot.cpp">
      <Filter>02_Object\05_Inventory\Slot</Filter>
    </ClCompile>
    <ClCompile Include="CShopTable.cpp">
      <Filter>02_Object\07_Shop</Filter>
    </ClCompile>
    <ClCompile Include="CShopSign.cpp">
      <Filter>02_Object\07_Shop</Filter>
    </ClCompile>
    <ClCompile Include="CVisitorIrish.cpp">
      <Filter>02_Object\04_Visitor\visitors</Filter>
    </ClCompile>
    <ClCompile Include="CVisitorOldfemale.cpp">
      <Filter>02_Object\04_Visitor\visitors</Filter>
    </ClCompile>
    <ClCompile Include="CVisitorMerchantmale.cpp">
      <Filter>02_Object\04_Visitor\visitors</Filter>
    </ClCompile>
    <ClCompile Include="CVisitorMerchantfemale.cpp">
      <Filter>02_Object\04_Visitor\visitors</Filter>
    </ClCompile>
    <ClCompile Include="CPlayerArrow.cpp">
      <Filter>02_Object\01.Player</Filter>
    </ClCompile>
    <ClCompile Include="CGolemBossRockDead.cpp">
      <Filter>02_Object\08_DeadObj</Filter>
    </ClCompile>
    <ClCompile Include="CCashRegister.cpp">
      <Filter>02_Object\07_Shop</Filter>
    </ClCompile>
    <ClCompile Include="CGolemDeadObj.cpp">
      <Filter>02_Object\08_DeadObj</Filter>
    </ClCompile>
    <ClCompile Include="CGolemBreakable2.cpp">
      <Filter>02_Object\99.MapObj\Dungeon1</Filter>
    </ClCompile>
    <ClCompile Include="CMonsterDead.cpp">
      <Filter>02_Object\08_DeadObj</Filter>
    </ClCompile>
    <ClCompile Include="CVisitorMale.cpp">
      <Filter>02_Object\09_Npc</Filter>
    </ClCompile>
    <ClCompile Include="CPotionNpc.cpp">
      <Filter>02_Object\09_Npc</Filter>
    </ClCompile>
    <ClCompile Include="CPotionShop.cpp">
      <Filter>02_Object\05_Inventory</Filter>
    </ClCompile>
    <ClCompile Include="CShopSellAll.cpp">
      <Filter>02_Object\07_Shop</Filter>
    </ClCompile>
    <ClCompile Include="CGamble.cpp">
      <Filter>02_Object\10_Gameble</Filter>
    </ClCompile>
    <ClCompile Include="CGambleKey.cpp">
      <Filter>02_Object\10_Gameble</Filter>
    </ClCompile>
    <ClCompile Include="CStartAniScene.cpp">
      <Filter>01_Scenes\StartAimationScene</Filter>
    </ClCompile>
  </ItemGroup>
  <ItemGroup>
    <ResourceCompile Include="StudyMoonlighter.rc">
      <Filter>리소스 파일</Filter>
    </ResourceCompile>
  </ItemGroup>
  <ItemGroup>
    <Image Include="small.ico">
      <Filter>리소스 파일</Filter>
    </Image>
    <Image Include="StudyMoonlighter.ico">
      <Filter>리소스 파일</Filter>
    </Image>
  </ItemGroup>
</Project>