<?xml version="1.0" encoding="utf-8"?>
<Project ToolsVersion="4.0" xmlns="http://schemas.microsoft.com/developer/msbuild/2003">
  <ItemGroup>
    <Filter Include="헤더 파일">
      <UniqueIdentifier>{93995380-89BD-4b04-88EB-625FBE52EBFB}</UniqueIdentifier>
      <Extensions>h;hh;hpp;hxx;h++;hm;inl;inc;ipp;xsd</Extensions>
    </Filter>
    <Filter Include="리소스 파일">
      <UniqueIdentifier>{67DA6AB6-F800-4c08-8B7A-83BB121AAD01}</UniqueIdentifier>
      <Extensions>rc;ico;cur;bmp;dlg;rc2;rct;bin;rgs;gif;jpg;jpeg;jpe;resx;tiff;tif;png;wav;mfcribbon-ms</Extensions>
    </Filter>
    <Filter Include="00_MainGame">
      <UniqueIdentifier>{9f9b1569-b416-4996-ab15-e29c6e57fea6}</UniqueIdentifier>
    </Filter>
    <Filter Include="01_Scenes">
      <UniqueIdentifier>{d3b83315-b4bd-4200-b13f-b231e0062f08}</UniqueIdentifier>
    </Filter>
    <Filter Include="01_Scenes\00_Menu">
      <UniqueIdentifier>{3cfe7aee-d12d-4b91-b5c3-0a4e77ea8c73}</UniqueIdentifier>
    </Filter>
    <Filter Include="소스 파일">
      <UniqueIdentifier>{4FC737F1-C7A5-4376-A066-2A32D752A2FF}</UniqueIdentifier>
      <Extensions>cpp;c;cc;cxx;c++;cppm;ixx;def;odl;idl;hpj;bat;asm;asmx</Extensions>
    </Filter>
    <Filter Include="99_Managers">
      <UniqueIdentifier>{13aaad2f-65e9-4642-9da3-f664f0d23740}</UniqueIdentifier>
    </Filter>
    <Filter Include="99_Managers\SceneManager">
      <UniqueIdentifier>{518b4f3f-4927-4bb1-b8e2-d6b5cd8667fc}</UniqueIdentifier>
    </Filter>
    <Filter Include="99_Managers\BitManager">
      <UniqueIdentifier>{3be85566-612f-4b30-93a2-ee615bdf5edb}</UniqueIdentifier>
    </Filter>
    <Filter Include="99_Managers\BitManager\Bmp">
      <UniqueIdentifier>{5357c609-c55c-4c95-bdc4-9c5e15ccab6b}</UniqueIdentifier>
    </Filter>
    <Filter Include="99_Managers\KeyManager">
      <UniqueIdentifier>{391192d5-4ead-456d-b19d-46e2705b4470}</UniqueIdentifier>
    </Filter>
    <Filter Include="01_Scenes\01_Village">
      <UniqueIdentifier>{992b423e-e629-4d9f-912e-0b6d1de26ae2}</UniqueIdentifier>
    </Filter>
    <Filter Include="02_Object">
      <UniqueIdentifier>{8d2acc47-fea3-40c0-9e05-cb36344c001c}</UniqueIdentifier>
    </Filter>
    <Filter Include="99_Managers\AbstractFactory">
      <UniqueIdentifier>{eb3a70aa-1273-4bd7-a267-437b8d28e9d1}</UniqueIdentifier>
    </Filter>
    <Filter Include="99_Managers\ObjectManager">
      <UniqueIdentifier>{d65dcf1c-eae1-4c34-842c-fe038a6a9464}</UniqueIdentifier>
    </Filter>
    <Filter Include="99_Managers\ScrollManager">
      <UniqueIdentifier>{02188db8-7d13-4944-a6c6-3e5f8e350de3}</UniqueIdentifier>
    </Filter>
    <Filter Include="99_Managers\TileManager">
      <UniqueIdentifier>{43a12012-8e8d-4134-baa4-a57b72df61f9}</UniqueIdentifier>
    </Filter>
    <Filter Include="99_Managers\TileManager\Tile">
      <UniqueIdentifier>{4598ac7d-d002-4e2f-809d-22597b1fbe58}</UniqueIdentifier>
    </Filter>
    <Filter Include="02_Object\01.Player">
      <UniqueIdentifier>{1e8ebda4-da77-42cd-bf79-b11655ece936}</UniqueIdentifier>
    </Filter>
    <Filter Include="02_Object\99.MapObj">
      <UniqueIdentifier>{3084e889-b79c-4747-a69f-fefc9ae1c94f}</UniqueIdentifier>
    </Filter>
    <Filter Include="02_Object\99.MapObj\Tree">
      <UniqueIdentifier>{67007e74-6679-4d14-8033-44f0138f9467}</UniqueIdentifier>
    </Filter>
    <Filter Include="99_Managers\CollisionManager">
      <UniqueIdentifier>{908a1b5e-3d9f-4584-950f-2c3fe242b7a6}</UniqueIdentifier>
    </Filter>
    <Filter Include="02_Object\98.Portal">
      <UniqueIdentifier>{3659e383-a4df-45d9-bbec-8bf4c634e2b5}</UniqueIdentifier>
    </Filter>
    <Filter Include="01_Scenes\02_Field">
      <UniqueIdentifier>{2bf1846f-8560-48da-8185-69022ff5f8f6}</UniqueIdentifier>
    </Filter>
    <Filter Include="01_Scenes\02_Dungeon">
      <UniqueIdentifier>{1a5f327a-73fe-4384-95d2-785d45d0c30b}</UniqueIdentifier>
    </Filter>
    <Filter Include="01_Scenes\09_Tutorial">
      <UniqueIdentifier>{d526c212-7185-41fa-a6a9-e2df9e07c150}</UniqueIdentifier>
    </Filter>
    <Filter Include="02_Object\99.MapObj\CollisionBox">
      <UniqueIdentifier>{c972b447-475d-4631-a147-31f13326e6af}</UniqueIdentifier>
    </Filter>
  </ItemGroup>
  <ItemGroup>
    <ClInclude Include="framework.h">
      <Filter>헤더 파일</Filter>
    </ClInclude>
    <ClInclude Include="targetver.h">
      <Filter>헤더 파일</Filter>
    </ClInclude>
    <ClInclude Include="Resource.h">
      <Filter>헤더 파일</Filter>
    </ClInclude>
    <ClInclude Include="StudyMoonlighter.h">
      <Filter>헤더 파일</Filter>
    </ClInclude>
    <ClInclude Include="pch.h">
      <Filter>헤더 파일</Filter>
    </ClInclude>
    <ClInclude Include="CMainGame.h">
      <Filter>00_MainGame</Filter>
    </ClInclude>
    <ClInclude Include="Define.h">
      <Filter>헤더 파일</Filter>
    </ClInclude>
    <ClInclude Include="CSceneManager.h">
      <Filter>99_Managers\SceneManager</Filter>
    </ClInclude>
    <ClInclude Include="CScene.h">
      <Filter>01_Scenes</Filter>
    </ClInclude>
    <ClInclude Include="CMenuScene.h">
      <Filter>01_Scenes\00_Menu</Filter>
    </ClInclude>
    <ClInclude Include="CBitManager.h">
      <Filter>99_Managers\BitManager</Filter>
    </ClInclude>
    <ClInclude Include="CMyBmp.h">
      <Filter>99_Managers\BitManager\Bmp</Filter>
    </ClInclude>
    <ClInclude Include="CKeyManager.h">
      <Filter>99_Managers\KeyManager</Filter>
    </ClInclude>
    <ClInclude Include="CVillageScene.h">
      <Filter>01_Scenes\01_Village</Filter>
    </ClInclude>
    <ClInclude Include="CObject.h">
      <Filter>02_Object</Filter>
    </ClInclude>
    <ClInclude Include="CPlayer.h">
      <Filter>02_Object\01.Player</Filter>
    </ClInclude>
    <ClInclude Include="CAbstractFactory.h">
      <Filter>99_Managers\AbstractFactory</Filter>
    </ClInclude>
    <ClInclude Include="CObjectManager.h">
      <Filter>99_Managers\ObjectManager</Filter>
    </ClInclude>
    <ClInclude Include="CScrollManager.h">
      <Filter>99_Managers\ScrollManager</Filter>
    </ClInclude>
    <ClInclude Include="CTileManager.h">
      <Filter>99_Managers\TileManager</Filter>
    </ClInclude>
    <ClInclude Include="CTile.h">
      <Filter>99_Managers\TileManager\Tile</Filter>
    </ClInclude>
    <ClInclude Include="CTree1.h">
      <Filter>02_Object\99.MapObj\Tree</Filter>
    </ClInclude>
    <ClInclude Include="CCollisionManager.h">
      <Filter>99_Managers\CollisionManager</Filter>
    </ClInclude>
    <ClInclude Include="CPortal.h">
      <Filter>02_Object\98.Portal</Filter>
    </ClInclude>
    <ClInclude Include="CFieldScene.h">
      <Filter>01_Scenes\02_Field</Filter>
    </ClInclude>
    <ClInclude Include="CDungeonScene.h">
      <Filter>01_Scenes\02_Dungeon</Filter>
    </ClInclude>
    <ClInclude Include="CTutorialScene.h">
      <Filter>01_Scenes\09_Tutorial</Filter>
    </ClInclude>
    <ClInclude Include="CCollisionBox.h">
      <Filter>02_Object\99.MapObj\CollisionBox</Filter>
    </ClInclude>
  </ItemGroup>
  <ItemGroup>
    <ClCompile Include="StudyMoonlighter.cpp">
      <Filter>소스 파일</Filter>
    </ClCompile>
    <ClCompile Include="pch.cpp">
      <Filter>소스 파일</Filter>
    </ClCompile>
    <ClCompile Include="CMainGame.cpp">
      <Filter>00_MainGame</Filter>
    </ClCompile>
    <ClCompile Include="CSceneManager.cpp">
      <Filter>99_Managers\SceneManager</Filter>
    </ClCompile>
    <ClCompile Include="CScene.cpp">
      <Filter>01_Scenes</Filter>
    </ClCompile>
    <ClCompile Include="CMenuScene.cpp">
      <Filter>01_Scenes\00_Menu</Filter>
    </ClCompile>
    <ClCompile Include="CBitManager.cpp">
      <Filter>99_Managers\BitManager</Filter>
    </ClCompile>
    <ClCompile Include="CMyBmp.cpp">
      <Filter>99_Managers\BitManager\Bmp</Filter>
    </ClCompile>
    <ClCompile Include="CKeyManager.cpp">
      <Filter>99_Managers\KeyManager</Filter>
    </ClCompile>
    <ClCompile Include="CVillageScene.cpp">
      <Filter>01_Scenes\01_Village</Filter>
    </ClCompile>
    <ClCompile Include="CObject.cpp">
      <Filter>02_Object</Filter>
    </ClCompile>
    <ClCompile Include="CPlayer.cpp">
      <Filter>02_Object\01.Player</Filter>
    </ClCompile>
    <ClCompile Include="CObjectManager.cpp">
      <Filter>99_Managers\ObjectManager</Filter>
    </ClCompile>
    <ClCompile Include="CScrollManager.cpp">
      <Filter>99_Managers\ScrollManager</Filter>
    </ClCompile>
    <ClCompile Include="CTileManager.cpp">
      <Filter>99_Managers\TileManager</Filter>
    </ClCompile>
    <ClCompile Include="CTile.cpp">
      <Filter>99_Managers\TileManager\Tile</Filter>
    </ClCompile>
    <ClCompile Include="CTree1.cpp">
      <Filter>02_Object\99.MapObj\Tree</Filter>
    </ClCompile>
    <ClCompile Include="CCollisionManager.cpp">
      <Filter>99_Managers\CollisionManager</Filter>
    </ClCompile>
    <ClCompile Include="CPortal.cpp">
      <Filter>02_Object\98.Portal</Filter>
    </ClCompile>
    <ClCompile Include="CFieldScene.cpp">
      <Filter>01_Scenes\02_Field</Filter>
    </ClCompile>
    <ClCompile Include="CDungeonScene.cpp">
      <Filter>01_Scenes\02_Dungeon</Filter>
    </ClCompile>
    <ClCompile Include="CTutorialScene.cpp">
      <Filter>01_Scenes\09_Tutorial</Filter>
    </ClCompile>
    <ClCompile Include="CCollisionBox.cpp">
      <Filter>02_Object\99.MapObj\CollisionBox</Filter>
    </ClCompile>
  </ItemGroup>
  <ItemGroup>
    <ResourceCompile Include="StudyMoonlighter.rc">
      <Filter>리소스 파일</Filter>
    </ResourceCompile>
  </ItemGroup>
  <ItemGroup>
    <Image Include="small.ico">
      <Filter>리소스 파일</Filter>
    </Image>
    <Image Include="StudyMoonlighter.ico">
      <Filter>리소스 파일</Filter>
    </Image>
  </ItemGroup>
</Project>